// !$*UTF8*$!
{
	archiveVersion = 1;
	classes = {
	};
	objectVersion = 77;
	objects = {

/* Begin PBXBuildFile section */
		0A9077CFD3AC34B89C9569CD /* ExternalLinksTests.swift in Sources */ = {isa = PBXBuildFile; fileRef = 09F0F73A459F43B4D715771E /* ExternalLinksTests.swift */; };
		1008704D1FC97C8283BC4B95 /* StoreInfoTests.swift in Sources */ = {isa = PBXBuildFile; fileRef = 46605AA203F095DB27541E2D /* StoreInfoTests.swift */; };
		153CA2C6340F48E55243C54E /* FileRowView.swift in Sources */ = {isa = PBXBuildFile; fileRef = F1840B294E27C3322B6860FE /* FileRowView.swift */; };
		1A9E7DBA34F716B961B98929 /* StorageProviderDocs.swift in Sources */ = {isa = PBXBuildFile; fileRef = 7991F463DB69F90FC1AC2FCF /* StorageProviderDocs.swift */; };
		1B502A7A42B75463F70ABE4D /* ConflictAlert.swift in Sources */ = {isa = PBXBuildFile; fileRef = F2E81831555E7B12CC4B8631 /* ConflictAlert.swift */; };
		2E155BC1002B7365C538BFE3 /* FileProviderManager.swift in Sources */ = {isa = PBXBuildFile; fileRef = 3859FBF9B9505315413BDFC5 /* FileProviderManager.swift */; };
		3A17066310061D6EDBAD5BEB /* DrivesView.swift in Sources */ = {isa = PBXBuildFile; fileRef = 21B9B5F0917D8DE0C3DD3DE2 /* DrivesView.swift */; };
		3C7C39F0879F572E566D084E /* AppState.swift in Sources */ = {isa = PBXBuildFile; fileRef = A3D8102F8350BE5073D8269C /* AppState.swift */; };
		43E21F65DEB2F1077BB94672 /* DaemonManager.swift in Sources */ = {isa = PBXBuildFile; fileRef = 9D5E597CBCF231359D553380 /* DaemonManager.swift */; };
		4870E6FA182B09511E231809 /* MenuBarView.swift in Sources */ = {isa = PBXBuildFile; fileRef = 4C0F9F68E16878ACFBC24107 /* MenuBarView.swift */; };
		4B50254799682FCD7650AF19 /* RPCClient.swift in Sources */ = {isa = PBXBuildFile; fileRef = 435055E02AF3E3EB285C2300 /* RPCClient.swift */; };
		4DAB7308098D65352466C7F2 /* RPCErrorTests.swift in Sources */ = {isa = PBXBuildFile; fileRef = 7A8A196623167D7079D7F598 /* RPCErrorTests.swift */; };
		4F11D9972927773AB43DDB24 /* ActivityLog.swift in Sources */ = {isa = PBXBuildFile; fileRef = D5ACA1F057D11098F951D967 /* ActivityLog.swift */; };
		51818A9C81B02CC2AF27670E /* FileNodeTests.swift in Sources */ = {isa = PBXBuildFile; fileRef = 33B074C910F50738685DBAF6 /* FileNodeTests.swift */; };
		57C1C3D5657E317D6F427B68 /* DetailView.swift in Sources */ = {isa = PBXBuildFile; fileRef = 68C0AD70EE2A934BF4BD4B38 /* DetailView.swift */; };
		5947900BDB550FD429C19A57 /* FileListView.swift in Sources */ = {isa = PBXBuildFile; fileRef = 9DB5CFE6DF44CEF9CAF83B98 /* FileListView.swift */; };
		5A090D0CE7D89B069DE05648 /* SettingsView.swift in Sources */ = {isa = PBXBuildFile; fileRef = C67F48A57ABC2148119C2BF9 /* SettingsView.swift */; };
		7DB6F3683D57611E2037ED8B /* Previews.swift in Sources */ = {isa = PBXBuildFile; fileRef = BACEAC9E21E1932C719FBB3D /* Previews.swift */; };
		8C11393A5002B82F776CE4FB /* ActivityLogView.swift in Sources */ = {isa = PBXBuildFile; fileRef = E9A6EF9BCED8A173B741DF0B /* ActivityLogView.swift */; };
		8E022E8392B82C7AD8F75893 /* SyncStateTests.swift in Sources */ = {isa = PBXBuildFile; fileRef = 3136ECCE2BF23EEEF91FBC52 /* SyncStateTests.swift */; };
		906CFB3328D1CA333F1DF984 /* StorageProvider.swift in Sources */ = {isa = PBXBuildFile; fileRef = 505CCB0350E84B41566EC2B9 /* StorageProvider.swift */; };
		9ACC0097D5A610B034212DD1 /* MockSkyClient.swift in Sources */ = {isa = PBXBuildFile; fileRef = D2555819DA17FC9975CCFB5B /* MockSkyClient.swift */; };
		ABA0A81A9E38F6296DE87C15 /* SkyClient.swift in Sources */ = {isa = PBXBuildFile; fileRef = D280E080E2BDF05E13EF1450 /* SkyClient.swift */; };
		ADA866000504265552E1616C /* NotificationManager.swift in Sources */ = {isa = PBXBuildFile; fileRef = C4B9EF3FD99FD1BDCFEE026B /* NotificationManager.swift */; };
		AEF6FB420D44826E6A639A97 /* ActivityLogTests.swift in Sources */ = {isa = PBXBuildFile; fileRef = 231EC4BFFCBB2452E70FD647 /* ActivityLogTests.swift */; };
		B0518E44A9A1CD359E477C61 /* App.swift in Sources */ = {isa = PBXBuildFile; fileRef = E5C41570F9B8775D8B6B3832 /* App.swift */; };
		B0561B5F60CD6743A3418013 /* SkyClientProtocol.swift in Sources */ = {isa = PBXBuildFile; fileRef = 98CEA735A8727C7D18C31084 /* SkyClientProtocol.swift */; };
		BB081ABA301804BACA171210 /* BrowserView.swift in Sources */ = {isa = PBXBuildFile; fileRef = 274C01C1B40324B7D25767C1 /* BrowserView.swift */; };
		BDC2C4427B8D2CD27F8A648F /* SyncStatusBar.swift in Sources */ = {isa = PBXBuildFile; fileRef = FEA5506899967A363159CC43 /* SyncStatusBar.swift */; };
		D79262C332BEBAAF43C486F5 /* MockSkyClientTests.swift in Sources */ = {isa = PBXBuildFile; fileRef = FEA71B7DFF7A2BC42BCA204E /* MockSkyClientTests.swift */; };
		DA81252DFCB523A9122C5C0A /* ExternalLinks.swift in Sources */ = {isa = PBXBuildFile; fileRef = EF082533A9301F8FEF354F4E /* ExternalLinks.swift */; };
		EF5FDA751AFABB2081C75F9E /* AppStateTests.swift in Sources */ = {isa = PBXBuildFile; fileRef = 78F27845F2C46A733177AAC0 /* AppStateTests.swift */; };
		F4973A0FEE00F76F744C61AC /* FileNode.swift in Sources */ = {isa = PBXBuildFile; fileRef = 8353CBD7945E51BA9F563ECC /* FileNode.swift */; };
		FBFB40D735E8516F77FE9FAC /* SidebarView.swift in Sources */ = {isa = PBXBuildFile; fileRef = 595C2495E20B27B5E544AF50 /* SidebarView.swift */; };
		FCB563B865153003A102D922 /* SyncState.swift in Sources */ = {isa = PBXBuildFile; fileRef = AA3E8AF54278F61F7677F839 /* SyncState.swift */; };
/* End PBXBuildFile section */

/* Begin PBXContainerItemProxy section */
		E999C7642EA004691A64EEE6 /* PBXContainerItemProxy */ = {
			isa = PBXContainerItemProxy;
			containerPortal = 10439F60F4C6B6D9B70AAF9D /* Project object */;
			proxyType = 1;
			remoteGlobalIDString = F6C73C358B4EF274A761418C;
			remoteInfo = cirrus;
		};
/* End PBXContainerItemProxy section */

/* Begin PBXFileReference section */
		09F0F73A459F43B4D715771E /* ExternalLinksTests.swift */ = {isa = PBXFileReference; lastKnownFileType = sourcecode.swift; path = ExternalLinksTests.swift; sourceTree = "<group>"; };
		111D0090A49B7A02FA1AD7C4 /* cirrus.app */ = {isa = PBXFileReference; explicitFileType = wrapper.application; includeInIndex = 0; path = cirrus.app; sourceTree = BUILT_PRODUCTS_DIR; };
		21B9B5F0917D8DE0C3DD3DE2 /* DrivesView.swift */ = {isa = PBXFileReference; lastKnownFileType = sourcecode.swift; path = DrivesView.swift; sourceTree = "<group>"; };
		231EC4BFFCBB2452E70FD647 /* ActivityLogTests.swift */ = {isa = PBXFileReference; lastKnownFileType = sourcecode.swift; path = ActivityLogTests.swift; sourceTree = "<group>"; };
		274C01C1B40324B7D25767C1 /* BrowserView.swift */ = {isa = PBXFileReference; lastKnownFileType = sourcecode.swift; path = BrowserView.swift; sourceTree = "<group>"; };
		3136ECCE2BF23EEEF91FBC52 /* SyncStateTests.swift */ = {isa = PBXFileReference; lastKnownFileType = sourcecode.swift; path = SyncStateTests.swift; sourceTree = "<group>"; };
		33B074C910F50738685DBAF6 /* FileNodeTests.swift */ = {isa = PBXFileReference; lastKnownFileType = sourcecode.swift; path = FileNodeTests.swift; sourceTree = "<group>"; };
		3859FBF9B9505315413BDFC5 /* FileProviderManager.swift */ = {isa = PBXFileReference; lastKnownFileType = sourcecode.swift; path = FileProviderManager.swift; sourceTree = "<group>"; };
		435055E02AF3E3EB285C2300 /* RPCClient.swift */ = {isa = PBXFileReference; lastKnownFileType = sourcecode.swift; path = RPCClient.swift; sourceTree = "<group>"; };
		46605AA203F095DB27541E2D /* StoreInfoTests.swift */ = {isa = PBXFileReference; lastKnownFileType = sourcecode.swift; path = StoreInfoTests.swift; sourceTree = "<group>"; };
		4C0F9F68E16878ACFBC24107 /* MenuBarView.swift */ = {isa = PBXFileReference; lastKnownFileType = sourcecode.swift; path = MenuBarView.swift; sourceTree = "<group>"; };
		505CCB0350E84B41566EC2B9 /* StorageProvider.swift */ = {isa = PBXFileReference; lastKnownFileType = sourcecode.swift; path = StorageProvider.swift; sourceTree = "<group>"; };
		595C2495E20B27B5E544AF50 /* SidebarView.swift */ = {isa = PBXFileReference; lastKnownFileType = sourcecode.swift; path = SidebarView.swift; sourceTree = "<group>"; };
		68C0AD70EE2A934BF4BD4B38 /* DetailView.swift */ = {isa = PBXFileReference; lastKnownFileType = sourcecode.swift; path = DetailView.swift; sourceTree = "<group>"; };
		78F27845F2C46A733177AAC0 /* AppStateTests.swift */ = {isa = PBXFileReference; lastKnownFileType = sourcecode.swift; path = AppStateTests.swift; sourceTree = "<group>"; };
		7991F463DB69F90FC1AC2FCF /* StorageProviderDocs.swift */ = {isa = PBXFileReference; lastKnownFileType = sourcecode.swift; path = StorageProviderDocs.swift; sourceTree = "<group>"; };
		7A8A196623167D7079D7F598 /* RPCErrorTests.swift */ = {isa = PBXFileReference; lastKnownFileType = sourcecode.swift; path = RPCErrorTests.swift; sourceTree = "<group>"; };
		8353CBD7945E51BA9F563ECC /* FileNode.swift */ = {isa = PBXFileReference; lastKnownFileType = sourcecode.swift; path = FileNode.swift; sourceTree = "<group>"; };
		98CEA735A8727C7D18C31084 /* SkyClientProtocol.swift */ = {isa = PBXFileReference; lastKnownFileType = sourcecode.swift; path = SkyClientProtocol.swift; sourceTree = "<group>"; };
		9D5E597CBCF231359D553380 /* DaemonManager.swift */ = {isa = PBXFileReference; lastKnownFileType = sourcecode.swift; path = DaemonManager.swift; sourceTree = "<group>"; };
		9DB5CFE6DF44CEF9CAF83B98 /* FileListView.swift */ = {isa = PBXFileReference; lastKnownFileType = sourcecode.swift; path = FileListView.swift; sourceTree = "<group>"; };
		A3D8102F8350BE5073D8269C /* AppState.swift */ = {isa = PBXFileReference; lastKnownFileType = sourcecode.swift; path = AppState.swift; sourceTree = "<group>"; };
		A865950097233BC9027FE880 /* Info.plist */ = {isa = PBXFileReference; lastKnownFileType = text.plist; path = Info.plist; sourceTree = "<group>"; };
		A97ED958CC7FD9789FABBF8B /* cirrus-tests.xctest */ = {isa = PBXFileReference; explicitFileType = wrapper.cfbundle; includeInIndex = 0; path = "cirrus-tests.xctest"; sourceTree = BUILT_PRODUCTS_DIR; };
		AA3E8AF54278F61F7677F839 /* SyncState.swift */ = {isa = PBXFileReference; lastKnownFileType = sourcecode.swift; path = SyncState.swift; sourceTree = "<group>"; };
		BACEAC9E21E1932C719FBB3D /* Previews.swift */ = {isa = PBXFileReference; lastKnownFileType = sourcecode.swift; path = Previews.swift; sourceTree = "<group>"; };
		C4B9EF3FD99FD1BDCFEE026B /* NotificationManager.swift */ = {isa = PBXFileReference; lastKnownFileType = sourcecode.swift; path = NotificationManager.swift; sourceTree = "<group>"; };
		C67F48A57ABC2148119C2BF9 /* SettingsView.swift */ = {isa = PBXFileReference; lastKnownFileType = sourcecode.swift; path = SettingsView.swift; sourceTree = "<group>"; };
		D2555819DA17FC9975CCFB5B /* MockSkyClient.swift */ = {isa = PBXFileReference; lastKnownFileType = sourcecode.swift; path = MockSkyClient.swift; sourceTree = "<group>"; };
		D280E080E2BDF05E13EF1450 /* SkyClient.swift */ = {isa = PBXFileReference; lastKnownFileType = sourcecode.swift; path = SkyClient.swift; sourceTree = "<group>"; };
		D5ACA1F057D11098F951D967 /* ActivityLog.swift */ = {isa = PBXFileReference; lastKnownFileType = sourcecode.swift; path = ActivityLog.swift; sourceTree = "<group>"; };
		E5C41570F9B8775D8B6B3832 /* App.swift */ = {isa = PBXFileReference; lastKnownFileType = sourcecode.swift; path = App.swift; sourceTree = "<group>"; };
		E9A6EF9BCED8A173B741DF0B /* ActivityLogView.swift */ = {isa = PBXFileReference; lastKnownFileType = sourcecode.swift; path = ActivityLogView.swift; sourceTree = "<group>"; };
		EF082533A9301F8FEF354F4E /* ExternalLinks.swift */ = {isa = PBXFileReference; lastKnownFileType = sourcecode.swift; path = ExternalLinks.swift; sourceTree = "<group>"; };
		F1840B294E27C3322B6860FE /* FileRowView.swift */ = {isa = PBXFileReference; lastKnownFileType = sourcecode.swift; path = FileRowView.swift; sourceTree = "<group>"; };
		F2E81831555E7B12CC4B8631 /* ConflictAlert.swift */ = {isa = PBXFileReference; lastKnownFileType = sourcecode.swift; path = ConflictAlert.swift; sourceTree = "<group>"; };
		FEA5506899967A363159CC43 /* SyncStatusBar.swift */ = {isa = PBXFileReference; lastKnownFileType = sourcecode.swift; path = SyncStatusBar.swift; sourceTree = "<group>"; };
		FEA71B7DFF7A2BC42BCA204E /* MockSkyClientTests.swift */ = {isa = PBXFileReference; lastKnownFileType = sourcecode.swift; path = MockSkyClientTests.swift; sourceTree = "<group>"; };
/* End PBXFileReference section */

/* Begin PBXGroup section */
		155701A9C2788C5ED34989AD /* Products */ = {
			isa = PBXGroup;
			children = (
				A97ED958CC7FD9789FABBF8B /* cirrus-tests.xctest */,
				111D0090A49B7A02FA1AD7C4 /* cirrus.app */,
			);
			name = Products;
			sourceTree = "<group>";
		};
		2908CDF870EF87D85672A70C /* Settings */ = {
			isa = PBXGroup;
			children = (
				21B9B5F0917D8DE0C3DD3DE2 /* DrivesView.swift */,
				C67F48A57ABC2148119C2BF9 /* SettingsView.swift */,
				7991F463DB69F90FC1AC2FCF /* StorageProviderDocs.swift */,
			);
			path = Settings;
			sourceTree = "<group>";
		};
		56883B17EC01480956DBD90A /* MenuBar */ = {
			isa = PBXGroup;
			children = (
				4C0F9F68E16878ACFBC24107 /* MenuBarView.swift */,
			);
			path = MenuBar;
			sourceTree = "<group>";
		};
		5C436C3EB58BBD3D6F9B26F3 /* Shared */ = {
			isa = PBXGroup;
			children = (
				E9A6EF9BCED8A173B741DF0B /* ActivityLogView.swift */,
				F2E81831555E7B12CC4B8631 /* ConflictAlert.swift */,
				BACEAC9E21E1932C719FBB3D /* Previews.swift */,
				FEA5506899967A363159CC43 /* SyncStatusBar.swift */,
			);
			path = Shared;
			sourceTree = "<group>";
		};
		757422F6CB49818B92A34B5E /* cirrus */ = {
			isa = PBXGroup;
			children = (
				E5C41570F9B8775D8B6B3832 /* App.swift */,
				A865950097233BC9027FE880 /* Info.plist */,
				C1D0E11989362D4EF0013183 /* Models */,
				BACAF78E91A1C36B9F0B2B8B /* Services */,
				BE6919B0FAA162D534B1B235 /* Views */,
			);
			path = cirrus;
			sourceTree = "<group>";
		};
		7614B8DC9DF0D2429C8E901E /* cirrus-tests */ = {
			isa = PBXGroup;
			children = (
				231EC4BFFCBB2452E70FD647 /* ActivityLogTests.swift */,
				78F27845F2C46A733177AAC0 /* AppStateTests.swift */,
				09F0F73A459F43B4D715771E /* ExternalLinksTests.swift */,
				33B074C910F50738685DBAF6 /* FileNodeTests.swift */,
				D2555819DA17FC9975CCFB5B /* MockSkyClient.swift */,
				FEA71B7DFF7A2BC42BCA204E /* MockSkyClientTests.swift */,
				7A8A196623167D7079D7F598 /* RPCErrorTests.swift */,
				46605AA203F095DB27541E2D /* StoreInfoTests.swift */,
				3136ECCE2BF23EEEF91FBC52 /* SyncStateTests.swift */,
			);
			path = "cirrus-tests";
			sourceTree = "<group>";
		};
		88D7BD1EC9651DCDF33C6638 = {
			isa = PBXGroup;
			children = (
				757422F6CB49818B92A34B5E /* cirrus */,
				7614B8DC9DF0D2429C8E901E /* cirrus-tests */,
				155701A9C2788C5ED34989AD /* Products */,
			);
			sourceTree = "<group>";
		};
		905ACE9CF2064FC0BC9EA8CB /* Browser */ = {
			isa = PBXGroup;
			children = (
				274C01C1B40324B7D25767C1 /* BrowserView.swift */,
				68C0AD70EE2A934BF4BD4B38 /* DetailView.swift */,
				9DB5CFE6DF44CEF9CAF83B98 /* FileListView.swift */,
				F1840B294E27C3322B6860FE /* FileRowView.swift */,
				595C2495E20B27B5E544AF50 /* SidebarView.swift */,
			);
			path = Browser;
			sourceTree = "<group>";
		};
		BACAF78E91A1C36B9F0B2B8B /* Services */ = {
			isa = PBXGroup;
			children = (
				9D5E597CBCF231359D553380 /* DaemonManager.swift */,
				EF082533A9301F8FEF354F4E /* ExternalLinks.swift */,
				3859FBF9B9505315413BDFC5 /* FileProviderManager.swift */,
				C4B9EF3FD99FD1BDCFEE026B /* NotificationManager.swift */,
				435055E02AF3E3EB285C2300 /* RPCClient.swift */,
				D280E080E2BDF05E13EF1450 /* SkyClient.swift */,
				98CEA735A8727C7D18C31084 /* SkyClientProtocol.swift */,
			);
			path = Services;
			sourceTree = "<group>";
		};
		BE6919B0FAA162D534B1B235 /* Views */ = {
			isa = PBXGroup;
			children = (
				905ACE9CF2064FC0BC9EA8CB /* Browser */,
				56883B17EC01480956DBD90A /* MenuBar */,
				2908CDF870EF87D85672A70C /* Settings */,
				5C436C3EB58BBD3D6F9B26F3 /* Shared */,
			);
			path = Views;
			sourceTree = "<group>";
		};
		C1D0E11989362D4EF0013183 /* Models */ = {
			isa = PBXGroup;
			children = (
				D5ACA1F057D11098F951D967 /* ActivityLog.swift */,
				A3D8102F8350BE5073D8269C /* AppState.swift */,
				8353CBD7945E51BA9F563ECC /* FileNode.swift */,
				505CCB0350E84B41566EC2B9 /* StorageProvider.swift */,
				AA3E8AF54278F61F7677F839 /* SyncState.swift */,
			);
			path = Models;
			sourceTree = "<group>";
		};
/* End PBXGroup section */

/* Begin PBXNativeTarget section */
		262F1C01CB19473E0E4398D9 /* cirrus-tests */ = {
			isa = PBXNativeTarget;
			buildConfigurationList = 69F3B997395EB9E489A2A8F7 /* Build configuration list for PBXNativeTarget "cirrus-tests" */;
			buildPhases = (
				45018C933B51586C48A4EB21 /* Sources */,
			);
			buildRules = (
			);
			dependencies = (
				BA41D4714300BE10579CF539 /* PBXTargetDependency */,
			);
			name = "cirrus-tests";
			packageProductDependencies = (
			);
			productName = "cirrus-tests";
			productReference = A97ED958CC7FD9789FABBF8B /* cirrus-tests.xctest */;
			productType = "com.apple.product-type.bundle.unit-test";
		};
		F6C73C358B4EF274A761418C /* cirrus */ = {
			isa = PBXNativeTarget;
			buildConfigurationList = 5AB542377B06995D60299E4F /* Build configuration list for PBXNativeTarget "cirrus" */;
			buildPhases = (
				98C75AF41EC919BB9E5853F3 /* Sources */,
			);
			buildRules = (
			);
			dependencies = (
			);
			name = cirrus;
			packageProductDependencies = (
			);
			productName = cirrus;
			productReference = 111D0090A49B7A02FA1AD7C4 /* cirrus.app */;
			productType = "com.apple.product-type.application";
		};
/* End PBXNativeTarget section */

/* Begin PBXProject section */
		10439F60F4C6B6D9B70AAF9D /* Project object */ = {
			isa = PBXProject;
			attributes = {
				BuildIndependentTargetsInParallel = YES;
				LastUpgradeCheck = 1600;
				TargetAttributes = {
				};
			};
			buildConfigurationList = 0FC2FECD31B6E0543D31C256 /* Build configuration list for PBXProject "cirrus" */;
			developmentRegion = en;
			hasScannedForEncodings = 0;
			knownRegions = (
				Base,
				en,
			);
			mainGroup = 88D7BD1EC9651DCDF33C6638;
			minimizedProjectReferenceProxies = 1;
			preferredProjectObjectVersion = 77;
			productRefGroup = 155701A9C2788C5ED34989AD /* Products */;
			projectDirPath = "";
			projectRoot = "";
			targets = (
				F6C73C358B4EF274A761418C /* cirrus */,
				262F1C01CB19473E0E4398D9 /* cirrus-tests */,
			);
		};
/* End PBXProject section */

/* Begin PBXSourcesBuildPhase section */
		45018C933B51586C48A4EB21 /* Sources */ = {
			isa = PBXSourcesBuildPhase;
			buildActionMask = 2147483647;
			files = (
				AEF6FB420D44826E6A639A97 /* ActivityLogTests.swift in Sources */,
				EF5FDA751AFABB2081C75F9E /* AppStateTests.swift in Sources */,
				0A9077CFD3AC34B89C9569CD /* ExternalLinksTests.swift in Sources */,
				51818A9C81B02CC2AF27670E /* FileNodeTests.swift in Sources */,
				9ACC0097D5A610B034212DD1 /* MockSkyClient.swift in Sources */,
				D79262C332BEBAAF43C486F5 /* MockSkyClientTests.swift in Sources */,
				4DAB7308098D65352466C7F2 /* RPCErrorTests.swift in Sources */,
				1008704D1FC97C8283BC4B95 /* StoreInfoTests.swift in Sources */,
				8E022E8392B82C7AD8F75893 /* SyncStateTests.swift in Sources */,
			);
			runOnlyForDeploymentPostprocessing = 0;
		};
		98C75AF41EC919BB9E5853F3 /* Sources */ = {
			isa = PBXSourcesBuildPhase;
			buildActionMask = 2147483647;
			files = (
				4F11D9972927773AB43DDB24 /* ActivityLog.swift in Sources */,
				8C11393A5002B82F776CE4FB /* ActivityLogView.swift in Sources */,
				B0518E44A9A1CD359E477C61 /* App.swift in Sources */,
				3C7C39F0879F572E566D084E /* AppState.swift in Sources */,
				BB081ABA301804BACA171210 /* BrowserView.swift in Sources */,
				1B502A7A42B75463F70ABE4D /* ConflictAlert.swift in Sources */,
				43E21F65DEB2F1077BB94672 /* DaemonManager.swift in Sources */,
				57C1C3D5657E317D6F427B68 /* DetailView.swift in Sources */,
				3A17066310061D6EDBAD5BEB /* DrivesView.swift in Sources */,
				DA81252DFCB523A9122C5C0A /* ExternalLinks.swift in Sources */,
				5947900BDB550FD429C19A57 /* FileListView.swift in Sources */,
				F4973A0FEE00F76F744C61AC /* FileNode.swift in Sources */,
				2E155BC1002B7365C538BFE3 /* FileProviderManager.swift in Sources */,
				153CA2C6340F48E55243C54E /* FileRowView.swift in Sources */,
				4870E6FA182B09511E231809 /* MenuBarView.swift in Sources */,
				ADA866000504265552E1616C /* NotificationManager.swift in Sources */,
				7DB6F3683D57611E2037ED8B /* Previews.swift in Sources */,
				4B50254799682FCD7650AF19 /* RPCClient.swift in Sources */,
				5A090D0CE7D89B069DE05648 /* SettingsView.swift in Sources */,
				FBFB40D735E8516F77FE9FAC /* SidebarView.swift in Sources */,
				ABA0A81A9E38F6296DE87C15 /* SkyClient.swift in Sources */,
				B0561B5F60CD6743A3418013 /* SkyClientProtocol.swift in Sources */,
				906CFB3328D1CA333F1DF984 /* StorageProvider.swift in Sources */,
				1A9E7DBA34F716B961B98929 /* StorageProviderDocs.swift in Sources */,
				FCB563B865153003A102D922 /* SyncState.swift in Sources */,
				BDC2C4427B8D2CD27F8A648F /* SyncStatusBar.swift in Sources */,
			);
			runOnlyForDeploymentPostprocessing = 0;
		};
/* End PBXSourcesBuildPhase section */

/* Begin PBXTargetDependency section */
		BA41D4714300BE10579CF539 /* PBXTargetDependency */ = {
			isa = PBXTargetDependency;
			target = F6C73C358B4EF274A761418C /* cirrus */;
			targetProxy = E999C7642EA004691A64EEE6 /* PBXContainerItemProxy */;
		};
/* End PBXTargetDependency section */

/* Begin XCBuildConfiguration section */
		0142F0D0463508EFD3689C4C /* Release */ = {
			isa = XCBuildConfiguration;
			buildSettings = {
				ALWAYS_SEARCH_USER_PATHS = NO;
				CLANG_ANALYZER_NONNULL = YES;
				CLANG_ANALYZER_NUMBER_OBJECT_CONVERSION = YES_AGGRESSIVE;
				CLANG_CXX_LANGUAGE_STANDARD = "gnu++14";
				CLANG_CXX_LIBRARY = "libc++";
				CLANG_ENABLE_MODULES = YES;
				CLANG_ENABLE_OBJC_ARC = YES;
				CLANG_ENABLE_OBJC_WEAK = YES;
				CLANG_WARN_BLOCK_CAPTURE_AUTORELEASING = YES;
				CLANG_WARN_BOOL_CONVERSION = YES;
				CLANG_WARN_COMMA = YES;
				CLANG_WARN_CONSTANT_CONVERSION = YES;
				CLANG_WARN_DEPRECATED_OBJC_IMPLEMENTATIONS = YES;
				CLANG_WARN_DIRECT_OBJC_ISA_USAGE = YES_ERROR;
				CLANG_WARN_DOCUMENTATION_COMMENTS = YES;
				CLANG_WARN_EMPTY_BODY = YES;
				CLANG_WARN_ENUM_CONVERSION = YES;
				CLANG_WARN_INFINITE_RECURSION = YES;
				CLANG_WARN_INT_CONVERSION = YES;
				CLANG_WARN_NON_LITERAL_NULL_CONVERSION = YES;
				CLANG_WARN_OBJC_IMPLICIT_RETAIN_SELF = YES;
				CLANG_WARN_OBJC_LITERAL_CONVERSION = YES;
				CLANG_WARN_OBJC_ROOT_CLASS = YES_ERROR;
				CLANG_WARN_QUOTED_INCLUDE_IN_FRAMEWORK_HEADER = YES;
				CLANG_WARN_RANGE_LOOP_ANALYSIS = YES;
				CLANG_WARN_STRICT_PROTOTYPES = YES;
				CLANG_WARN_SUSPICIOUS_MOVE = YES;
				CLANG_WARN_UNGUARDED_AVAILABILITY = YES_AGGRESSIVE;
				CLANG_WARN_UNREACHABLE_CODE = YES;
				CLANG_WARN__DUPLICATE_METHOD_MATCH = YES;
				COPY_PHASE_STRIP = NO;
				DEBUG_INFORMATION_FORMAT = "dwarf-with-dsym";
				ENABLE_NS_ASSERTIONS = NO;
				ENABLE_STRICT_OBJC_MSGSEND = YES;
				GCC_C_LANGUAGE_STANDARD = gnu11;
				GCC_NO_COMMON_BLOCKS = YES;
				GCC_WARN_64_TO_32_BIT_CONVERSION = YES;
				GCC_WARN_ABOUT_RETURN_TYPE = YES_ERROR;
				GCC_WARN_UNDECLARED_SELECTOR = YES;
				GCC_WARN_UNINITIALIZED_AUTOS = YES_AGGRESSIVE;
				GCC_WARN_UNUSED_FUNCTION = YES;
				GCC_WARN_UNUSED_VARIABLE = YES;
				MACOSX_DEPLOYMENT_TARGET = 14.0;
				MTL_ENABLE_DEBUG_INFO = NO;
				MTL_FAST_MATH = YES;
				PRODUCT_NAME = "$(TARGET_NAME)";
				SDKROOT = macosx;
				SWIFT_COMPILATION_MODE = wholemodule;
				SWIFT_OPTIMIZATION_LEVEL = "-O";
				SWIFT_VERSION = 5.0;
			};
			name = Release;
		};
		4350223A8F4A1AB586DA273A /* Debug */ = {
			isa = XCBuildConfiguration;
			buildSettings = {
				ASSETCATALOG_COMPILER_APPICON_NAME = AppIcon;
				COMBINE_HIDPI_IMAGES = YES;
				CURRENT_PROJECT_VERSION = 1;
				INFOPLIST_FILE = cirrus/Info.plist;
				INFOPLIST_KEY_LSUIElement = YES;
				LD_RUNPATH_SEARCH_PATHS = (
					"$(inherited)",
					"@executable_path/../Frameworks",
				);
				MACOSX_DEPLOYMENT_TARGET = 14.0;
				MARKETING_VERSION = 1.0.0;
				PRODUCT_BUNDLE_IDENTIFIER = ai.sky10.cirrus;
				SDKROOT = macosx;
				SWIFT_VERSION = 5.10;
			};
			name = Debug;
		};
		6E07C5302C5B0373BE6D875E /* Debug */ = {
			isa = XCBuildConfiguration;
			buildSettings = {
				ALWAYS_SEARCH_USER_PATHS = NO;
				CLANG_ANALYZER_NONNULL = YES;
				CLANG_ANALYZER_NUMBER_OBJECT_CONVERSION = YES_AGGRESSIVE;
				CLANG_CXX_LANGUAGE_STANDARD = "gnu++14";
				CLANG_CXX_LIBRARY = "libc++";
				CLANG_ENABLE_MODULES = YES;
				CLANG_ENABLE_OBJC_ARC = YES;
				CLANG_ENABLE_OBJC_WEAK = YES;
				CLANG_WARN_BLOCK_CAPTURE_AUTORELEASING = YES;
				CLANG_WARN_BOOL_CONVERSION = YES;
				CLANG_WARN_COMMA = YES;
				CLANG_WARN_CONSTANT_CONVERSION = YES;
				CLANG_WARN_DEPRECATED_OBJC_IMPLEMENTATIONS = YES;
				CLANG_WARN_DIRECT_OBJC_ISA_USAGE = YES_ERROR;
				CLANG_WARN_DOCUMENTATION_COMMENTS = YES;
				CLANG_WARN_EMPTY_BODY = YES;
				CLANG_WARN_ENUM_CONVERSION = YES;
				CLANG_WARN_INFINITE_RECURSION = YES;
				CLANG_WARN_INT_CONVERSION = YES;
				CLANG_WARN_NON_LITERAL_NULL_CONVERSION = YES;
				CLANG_WARN_OBJC_IMPLICIT_RETAIN_SELF = YES;
				CLANG_WARN_OBJC_LITERAL_CONVERSION = YES;
				CLANG_WARN_OBJC_ROOT_CLASS = YES_ERROR;
				CLANG_WARN_QUOTED_INCLUDE_IN_FRAMEWORK_HEADER = YES;
				CLANG_WARN_RANGE_LOOP_ANALYSIS = YES;
				CLANG_WARN_STRICT_PROTOTYPES = YES;
				CLANG_WARN_SUSPICIOUS_MOVE = YES;
				CLANG_WARN_UNGUARDED_AVAILABILITY = YES_AGGRESSIVE;
				CLANG_WARN_UNREACHABLE_CODE = YES;
				CLANG_WARN__DUPLICATE_METHOD_MATCH = YES;
				COPY_PHASE_STRIP = NO;
				DEBUG_INFORMATION_FORMAT = dwarf;
				ENABLE_STRICT_OBJC_MSGSEND = YES;
				ENABLE_TESTABILITY = YES;
				GCC_C_LANGUAGE_STANDARD = gnu11;
				GCC_DYNAMIC_NO_PIC = NO;
				GCC_NO_COMMON_BLOCKS = YES;
				GCC_OPTIMIZATION_LEVEL = 0;
				GCC_PREPROCESSOR_DEFINITIONS = (
					"$(inherited)",
					"DEBUG=1",
				);
				GCC_WARN_64_TO_32_BIT_CONVERSION = YES;
				GCC_WARN_ABOUT_RETURN_TYPE = YES_ERROR;
				GCC_WARN_UNDECLARED_SELECTOR = YES;
				GCC_WARN_UNINITIALIZED_AUTOS = YES_AGGRESSIVE;
				GCC_WARN_UNUSED_FUNCTION = YES;
				GCC_WARN_UNUSED_VARIABLE = YES;
				MACOSX_DEPLOYMENT_TARGET = 14.0;
				MTL_ENABLE_DEBUG_INFO = INCLUDE_SOURCE;
				MTL_FAST_MATH = YES;
				ONLY_ACTIVE_ARCH = YES;
				PRODUCT_NAME = "$(TARGET_NAME)";
				SDKROOT = macosx;
				SWIFT_ACTIVE_COMPILATION_CONDITIONS = DEBUG;
				SWIFT_OPTIMIZATION_LEVEL = "-Onone";
				SWIFT_VERSION = 5.0;
			};
			name = Debug;
		};
		896598C1CFDED5F4D00BEE18 /* Debug */ = {
			isa = XCBuildConfiguration;
			buildSettings = {
				BUNDLE_LOADER = "$(TEST_HOST)";
				COMBINE_HIDPI_IMAGES = YES;
				LD_RUNPATH_SEARCH_PATHS = (
					"$(inherited)",
					"@executable_path/../Frameworks",
					"@loader_path/../Frameworks",
				);
				PRODUCT_BUNDLE_IDENTIFIER = "ai.sky10.cirrus-tests";
				SDKROOT = macosx;
				SWIFT_VERSION = 5.10;
				TEST_HOST = "$(BUILT_PRODUCTS_DIR)/cirrus.app/Contents/MacOS/cirrus";
			};
			name = Debug;
		};
		D924D9ED1A91C36A9E8C939C /* Release */ = {
			isa = XCBuildConfiguration;
			buildSettings = {
				ASSETCATALOG_COMPILER_APPICON_NAME = AppIcon;
				COMBINE_HIDPI_IMAGES = YES;
				CURRENT_PROJECT_VERSION = 1;
				INFOPLIST_FILE = cirrus/Info.plist;
				INFOPLIST_KEY_LSUIElement = YES;
				LD_RUNPATH_SEARCH_PATHS = (
					"$(inherited)",
					"@executable_path/../Frameworks",
				);
				MACOSX_DEPLOYMENT_TARGET = 14.0;
				MARKETING_VERSION = 1.0.0;
				PRODUCT_BUNDLE_IDENTIFIER = ai.sky10.cirrus;
				SDKROOT = macosx;
				SWIFT_VERSION = 5.10;
			};
			name = Release;
		};
		E40821EFCADEBCE393118B96 /* Release */ = {
			isa = XCBuildConfiguration;
			buildSettings = {
				BUNDLE_LOADER = "$(TEST_HOST)";
				COMBINE_HIDPI_IMAGES = YES;
				LD_RUNPATH_SEARCH_PATHS = (
					"$(inherited)",
					"@executable_path/../Frameworks",
					"@loader_path/../Frameworks",
				);
				PRODUCT_BUNDLE_IDENTIFIER = "ai.sky10.cirrus-tests";
				SDKROOT = macosx;
				SWIFT_VERSION = 5.10;
				TEST_HOST = "$(BUILT_PRODUCTS_DIR)/cirrus.app/Contents/MacOS/cirrus";
			};
			name = Release;
		};
/* End XCBuildConfiguration section */

/* Begin XCConfigurationList section */
		0FC2FECD31B6E0543D31C256 /* Build configuration list for PBXProject "cirrus" */ = {
			isa = XCConfigurationList;
			buildConfigurations = (
				6E07C5302C5B0373BE6D875E /* Debug */,
				0142F0D0463508EFD3689C4C /* Release */,
			);
			defaultConfigurationIsVisible = 0;
			defaultConfigurationName = Debug;
		};
		5AB542377B06995D60299E4F /* Build configuration list for PBXNativeTarget "cirrus" */ = {
			isa = XCConfigurationList;
			buildConfigurations = (
				4350223A8F4A1AB586DA273A /* Debug */,
				D924D9ED1A91C36A9E8C939C /* Release */,
			);
			defaultConfigurationIsVisible = 0;
			defaultConfigurationName = Debug;
		};
		69F3B997395EB9E489A2A8F7 /* Build configuration list for PBXNativeTarget "cirrus-tests" */ = {
			isa = XCConfigurationList;
			buildConfigurations = (
				896598C1CFDED5F4D00BEE18 /* Debug */,
				E40821EFCADEBCE393118B96 /* Release */,
			);
			defaultConfigurationIsVisible = 0;
			defaultConfigurationName = Debug;
		};
/* End XCConfigurationList section */
	};
	rootObject = 10439F60F4C6B6D9B70AAF9D /* Project object */;
}
